{
  "name": "@serverless-blueprint/core",
  "version": "0.0.0",
  "lockfileVersion": 1,
  "requires": true,
  "dependencies": {
    "fp-ts": {
      "version": "2.6.1",
      "resolved": "https://registry.npmjs.org/fp-ts/-/fp-ts-2.6.1.tgz",
      "integrity": "sha512-ZYOgqEOvUuO59rvItjf1OniEG4k/ClY3rd+AiuRYbl3skY4X/s7Oig25/wvORjycjeOjjr5OO+VcpprLQQOpIQ=="
    },
    "io-ts": {
      "version": "2.2.2",
      "resolved": "https://registry.npmjs.org/io-ts/-/io-ts-2.2.2.tgz",
      "integrity": "sha512-cXXIL4CR5/sWfKw/Ssc/cbZJGG13J4pJv9/RN6SlWJyh+foAPEUE0I9sWTX1kG24dvhiCM9fpO4F+2AsP+WzaQ=="
    }
  }
}
